<?xml version="1.0" encoding="utf-8"?>
<Project ToolsVersion="4.0" xmlns="http://schemas.microsoft.com/developer/msbuild/2003">
  <ItemGroup>
    <Filter Include="Source Files">
      <UniqueIdentifier>{4FC737F1-C7A5-4376-A066-2A32D752A2FF}</UniqueIdentifier>
      <Extensions>cpp;c;cc;cxx;c++;cppm;ixx;def;odl;idl;hpj;bat;asm;asmx</Extensions>
    </Filter>
    <Filter Include="Header Files">
      <UniqueIdentifier>{93995380-89BD-4b04-88EB-625FBE52EBFB}</UniqueIdentifier>
      <Extensions>h;hh;hpp;hxx;h++;hm;inl;inc;ipp;xsd</Extensions>
    </Filter>
    <Filter Include="Resource Files">
      <UniqueIdentifier>{67DA6AB6-F800-4c08-8B7A-83BB121AAD01}</UniqueIdentifier>
      <Extensions>rc;ico;cur;bmp;dlg;rc2;rct;bin;rgs;gif;jpg;jpeg;jpe;resx;tiff;tif;png;wav;mfcribbon-ms</Extensions>
    </Filter>
    <Filter Include="Source Files\config">
      <UniqueIdentifier>{A1B2C3D4-E5F6-7890-ABCD-EF1234567890}</UniqueIdentifier>
    </Filter>
    <Filter Include="Source Files\game">
      <UniqueIdentifier>{B2C3D4E5-F6A7-8901-BCDE-F23456789012}</UniqueIdentifier>
    </Filter>
    <Filter Include="Source Files\gui">
      <UniqueIdentifier>{C3D4E5F6-A7B8-9012-CDEF-345678901234}</UniqueIdentifier>
    </Filter>
    <Filter Include="Source Files\hacks">
      <UniqueIdentifier>{D4E5F6A7-B8C9-0123-DEFA-456789012345}</UniqueIdentifier>
    </Filter>
    <Filter Include="Source Files\hooks">
      <UniqueIdentifier>{E5F6A7B8-C9D0-1234-EFAB-567890123456}</UniqueIdentifier>
    </Filter>
    <Filter Include="Source Files\interfaces">
      <UniqueIdentifier>{F6A7B8C9-D0E1-2345-FABC-678901234567}</UniqueIdentifier>
    </Filter>
    <Filter Include="Source Files\math">
      <UniqueIdentifier>{A7B8C9D0-E1F2-3456-ABCD-789012345678}</UniqueIdentifier>
    </Filter>
    <Filter Include="Source Files\utilities">
      <UniqueIdentifier>{B8C9D0E1-F2A3-4567-BCDE-890123456789}</UniqueIdentifier>
    </Filter>
  </ItemGroup>
  <ItemGroup>
    <ClCompile Include="install.cpp"><Filter>Source Files</Filter></ClCompile>
    <ClCompile Include="interfaces\interfaces.cpp"><Filter>Source Files\interfaces</Filter></ClCompile>
    <ClCompile Include="hooks\functions\client.cpp"><Filter>Source Files\hooks</Filter></ClCompile>
    <ClCompile Include="hooks\hooks.cpp"><Filter>Source Files\hooks</Filter></ClCompile>
    <ClCompile Include="utilities\managers\hooking_manager.cpp"><Filter>Source Files\utilities</Filter></ClCompile>
    <ClCompile Include="hooks\functions\client_mode.cpp"><Filter>Source Files\hooks</Filter></ClCompile>
    <ClCompile Include="hooks\functions\vgui_panel.cpp"><Filter>Source Files\hooks</Filter></ClCompile>
    <ClCompile Include="math\Color.cpp"><Filter>Source Files\math</Filter></ClCompile>
    <ClCompile Include="math\Vector2D.cpp"><Filter>Source Files\math</Filter></ClCompile>
    <ClCompile Include="math\Vector4D.cpp"><Filter>Source Files\math</Filter></ClCompile>
    <ClCompile Include="math\VMatrix.cpp"><Filter>Source Files\math</Filter></ClCompile>
    <ClCompile Include="utilities\checksum\checksum_crc.cpp"><Filter>Source Files\utilities</Filter></ClCompile>
    <ClCompile Include="utilities\checksum\checksum_md5.cpp"><Filter>Source Files\utilities</Filter></ClCompile>
    <ClCompile Include="utilities\scanners\signature_scanner.cpp"><Filter>Source Files\utilities</Filter></ClCompile>
    <ClCompile Include="hooks\functions\directx_device.cpp"><Filter>Source Files\hooks</Filter></ClCompile>
    <ClCompile Include="hooks\functions\wndproc.cpp"><Filter>Source Files\hooks</Filter></ClCompile>
    <ClCompile Include="gui\gui.cpp"><Filter>Source Files\gui</Filter></ClCompile>
    <ClCompile Include="gui\drawing\imgui.cpp"><Filter>Source Files\gui</Filter></ClCompile>
    <ClCompile Include="gui\drawing\imgui_demo.cpp"><Filter>Source Files\gui</Filter></ClCompile>
    <ClCompile Include="gui\drawing\imgui_draw.cpp"><Filter>Source Files\gui</Filter></ClCompile>
    <ClCompile Include="gui\drawing\imgui_impl_dx9.cpp"><Filter>Source Files\gui</Filter></ClCompile>
    <ClCompile Include="gui\drawing\imgui_impl_win32.cpp"><Filter>Source Files\gui</Filter></ClCompile>
    <ClCompile Include="gui\drawing\imgui_tables.cpp"><Filter>Source Files\gui</Filter></ClCompile>
    <ClCompile Include="gui\drawing\imgui_widgets.cpp"><Filter>Source Files\gui</Filter></ClCompile>
    <ClCompile Include="hacks\movement.cpp"><Filter>Source Files\hacks</Filter></ClCompile>
    <ClCompile Include="utilities\managers\netvars_manager.cpp"><Filter>Source Files\utilities</Filter></ClCompile>
    <ClCompile Include="utilities\context.cpp"><Filter>Source Files\utilities</Filter></ClCompile>
    <ClCompile Include="hacks\esp.cpp"><Filter>Source Files\hacks</Filter></ClCompile>
    <ClCompile Include="hacks\autowall.cpp"><Filter>Source Files\hacks</Filter></ClCompile>
    <ClCompile Include="hacks\legitbot.cpp"><Filter>Source Files\hacks</Filter></ClCompile>
    <ClCompile Include="hacks\nospread.cpp"><Filter>Source Files\hacks</Filter></ClCompile>
    <ClCompile Include="hacks\ragebot.cpp"><Filter>Source Files\hacks</Filter></ClCompile>
    <ClCompile Include="hacks\view.cpp"><Filter>Source Files\hacks</Filter></ClCompile>
    <ClCompile Include="hacks\visuals.cpp"><Filter>Source Files\hacks</Filter></ClCompile>
    <ClCompile Include="hacks\world.cpp"><Filter>Source Files\hacks</Filter></ClCompile>
    <ClCompile Include="hooks\functions\model_render.cpp"><Filter>Source Files\hooks</Filter></ClCompile>
    <ClCompile Include="config\config.cpp"><Filter>Source Files\config</Filter></ClCompile>
    <ClCompile Include="config\keybinds.cpp"><Filter>Source Files\config</Filter></ClCompile>
    <ClCompile Include="game\managers\draw_manager.cpp"><Filter>Source Files\game</Filter></ClCompile>
    <ClCompile Include="gui\other\content_tabs.cpp"><Filter>Source Files\gui</Filter></ClCompile>
    <ClCompile Include="gui\other\custom_elements.cpp"><Filter>Source Files\gui</Filter></ClCompile>
    <ClCompile Include="gui\other\hud.cpp"><Filter>Source Files\gui</Filter></ClCompile>
    <ClCompile Include="utilities\math\math.cpp"><Filter>Source Files\utilities</Filter></ClCompile>
  </ItemGroup>
  <ItemGroup>
    <ClInclude Include="config\config.hpp"><Filter>Header Files</Filter></ClInclude>
    <ClInclude Include="game\classes\entity.hpp"><Filter>Header Files</Filter></ClInclude>
    <ClInclude Include="game\enums\bones.hpp"><Filter>Header Files</Filter></ClInclude>
    <ClInclude Include="game\enums\bsp_flags.hpp"><Filter>Header Files</Filter></ClInclude>
    <ClInclude Include="game\enums\class_id.hpp"><Filter>Header Files</Filter></ClInclude>
    <ClInclude Include="game\enums\flags.hpp"><Filter>Header Files</Filter></ClInclude>
    <ClInclude Include="game\enums\item_definition.hpp"><Filter>Header Files</Filter></ClInclude>
    <ClInclude Include="game\managers\draw_manager.hpp"><Filter>Header Files</Filter></ClInclude>
    <ClInclude Include="gui\drawing\imconfig.h"><Filter>Header Files</Filter></ClInclude>
    <ClInclude Include="gui\drawing\imgui.h"><Filter>Header Files</Filter></ClInclude>
    <ClInclude Include="gui\drawing\imgui_impl_dx9.h"><Filter>Header Files</Filter></ClInclude>
    <ClInclude Include="gui\drawing\imgui_impl_win32.h"><Filter>Header Files</Filter></ClInclude>
    <ClInclude Include="gui\drawing\imgui_internal.h"><Filter>Header Files</Filter></ClInclude>
    <ClInclude Include="gui\drawing\imstb_rectpack.h"><Filter>Header Files</Filter></ClInclude>
    <ClInclude Include="gui\drawing\imstb_textedit.h"><Filter>Header Files</Filter></ClInclude>
    <ClInclude Include="gui\drawing\imstb_truetype.h"><Filter>Header Files</Filter></ClInclude>
    <ClInclude Include="gui\gui.hpp"><Filter>Header Files</Filter></ClInclude>
    <ClInclude Include="hacks\autowall.hpp"><Filter>Header Files</Filter></ClInclude>
    <ClInclude Include="hacks\esp.hpp"><Filter>Header Files</Filter></ClInclude>
    <ClInclude Include="hacks\legitbot.hpp"><Filter>Header Files</Filter></ClInclude>
    <ClInclude Include="hacks\movement.hpp"><Filter>Header Files</Filter></ClInclude>
    <ClInclude Include="hacks\nospread.hpp"><Filter>Header Files</Filter></ClInclude>
    <ClInclude Include="hacks\ragebot.hpp"><Filter>Header Files</Filter></ClInclude>
    <ClInclude Include="hacks\view.hpp"><Filter>Header Files</Filter></ClInclude>
    <ClInclude Include="hacks\visuals.hpp"><Filter>Header Files</Filter></ClInclude>
    <ClInclude Include="hacks\world.hpp"><Filter>Header Files</Filter></ClInclude>
    <ClInclude Include="hooks\hooks.hpp"><Filter>Header Files</Filter></ClInclude>
    <ClInclude Include="interfaces\classes\CInput.hpp"><Filter>Header Files</Filter></ClInclude>
    <ClInclude Include="interfaces\classes\ClientClass.hpp"><Filter>Header Files</Filter></ClInclude>
    <ClInclude Include="interfaces\classes\Convar.hpp"><Filter>Header Files</Filter></ClInclude>
    <ClInclude Include="interfaces\classes\GlobalVars.hpp"><Filter>Header Files</Filter></ClInclude>
    <ClInclude Include="interfaces\classes\IAppSystem.hpp"><Filter>Header Files</Filter></ClInclude>
    <ClInclude Include="interfaces\classes\IBaseClientDll.hpp"><Filter>Header Files</Filter></ClInclude>
    <ClInclude Include="interfaces\classes\IClientEntity.hpp"><Filter>Header Files</Filter></ClInclude>
    <ClInclude Include="interfaces\classes\IClientEntityList.hpp"><Filter>Header Files</Filter></ClInclude>
    <ClInclude Include="interfaces\classes\IClientMode.hpp"><Filter>Header Files</Filter></ClInclude>
    <ClInclude Include="interfaces\classes\IClientNetworkable.hpp"><Filter>Header Files</Filter></ClInclude>
    <ClInclude Include="interfaces\classes\IClientRenderable.hpp"><Filter>Header Files</Filter></ClInclude>
    <ClInclude Include="interfaces\classes\IClientThinkable.hpp"><Filter>Header Files</Filter></ClInclude>
    <ClInclude Include="interfaces\classes\IClientUnknown.hpp"><Filter>Header Files</Filter></ClInclude>
    <ClInclude Include="interfaces\classes\ICollideable.hpp"><Filter>Header Files</Filter></ClInclude>
    <ClInclude Include="interfaces\classes\IConVar.hpp"><Filter>Header Files</Filter></ClInclude>
    <ClInclude Include="interfaces\classes\ICvar.hpp"><Filter>Header Files</Filter></ClInclude>
    <ClInclude Include="interfaces\classes\IEngineTrace.hpp"><Filter>Header Files</Filter></ClInclude>
    <ClInclude Include="interfaces\classes\IGameEventManager.hpp"><Filter>Header Files</Filter></ClInclude>
    <ClInclude Include="interfaces\classes\IHandleEntity.hpp"><Filter>Header Files</Filter></ClInclude>
    <ClInclude Include="interfaces\classes\IPanel.hpp"><Filter>Header Files</Filter></ClInclude>
    <ClInclude Include="interfaces\classes\IPrediction.hpp"><Filter>Header Files</Filter></ClInclude>
    <ClInclude Include="interfaces\classes\IRenderView.hpp"><Filter>Header Files</Filter></ClInclude>
    <ClInclude Include="interfaces\classes\IStudioRender.hpp"><Filter>Header Files</Filter></ClInclude>
    <ClInclude Include="interfaces\classes\ISurface.hpp"><Filter>Header Files</Filter></ClInclude>
    <ClInclude Include="interfaces\classes\IVDebugOverlay.hpp"><Filter>Header Files</Filter></ClInclude>
    <ClInclude Include="interfaces\classes\IVEngineClient.hpp"><Filter>Header Files</Filter></ClInclude>
    <ClInclude Include="interfaces\classes\IViewRenderBeams.hpp"><Filter>Header Files</Filter></ClInclude>
    <ClInclude Include="interfaces\classes\KeyValues.hpp"><Filter>Header Files</Filter></ClInclude>
    <ClInclude Include="interfaces\classes\Recv.hpp"><Filter>Header Files</Filter></ClInclude>
    <ClInclude Include="interfaces\interfaces.hpp"><Filter>Header Files</Filter></ClInclude>
    <ClInclude Include="math\Color.hpp"><Filter>Header Files</Filter></ClInclude>
    <ClInclude Include="math\QAngle.hpp"><Filter>Header Files</Filter></ClInclude>
    <ClInclude Include="math\Vector.hpp"><Filter>Header Files</Filter></ClInclude>
    <ClInclude Include="math\Vector2D.hpp"><Filter>Header Files</Filter></ClInclude>
    <ClInclude Include="math\Vector4D.hpp"><Filter>Header Files</Filter></ClInclude>
    <ClInclude Include="math\VMatrix.hpp"><Filter>Header Files</Filter></ClInclude>
    <ClInclude Include="utilities\checksum\checksum_crc.hpp"><Filter>Header Files</Filter></ClInclude>
    <ClInclude Include="utilities\checksum\checksum_md5.hpp"><Filter>Header Files</Filter></ClInclude>
    <ClInclude Include="utilities\context.hpp"><Filter>Header Files</Filter></ClInclude>
    <ClInclude Include="utilities\managers\hooking_manager.hpp"><Filter>Header Files</Filter></ClInclude>
    <ClInclude Include="utilities\managers\netvars_manager.hpp"><Filter>Header Files</Filter></ClInclude>
    <ClInclude Include="utilities\math\math.hpp"><Filter>Header Files</Filter></ClInclude>
    <ClInclude Include="utilities\other\netvars_helper.hpp"><Filter>Header Files</Filter></ClInclude>
    <ClInclude Include="utilities\other\vfunc.hpp"><Filter>Header Files</Filter></ClInclude>
    <ClInclude Include="utilities\scanners\signature_scanner.hpp"><Filter>Header Files</Filter></ClInclude>
    <ClInclude Include="win_includes.hpp"><Filter>Header Files</Filter></ClInclude>
  </ItemGroup>
</Project>
